
Microsoft Visual Studio Solution File, Format Version 12.00
# Visual Studio Version 16
VisualStudioVersion = 16.0.33801.447
MinimumVisualStudioVersion = 10.0.40219.1
Project("{FAE04EC0-301F-11D3-BF4B-00C04F79EFBC}") = "R6Config", "R6Config\R6Config.csproj", "{CD66E9D5-8894-425A-9B59-398452F73EC2}"
EndProject
Global
	GlobalSection(SolutionConfigurationPlatforms) = preSolution
		Debug|Any CPU = Debug|Any CPU
		Release|Any CPU = Release|Any CPU
	EndGlobalSection
	GlobalSection(ProjectConfigurationPlatforms) = postSolution
		{CD66E9D5-8894-425A-9B59-398452F73EC2}.Debug|Any CPU.ActiveCfg = Debug|Any CPU
		{CD66E9D5-8894-425A-9B59-398452F73EC2}.Debug|Any CPU.Build.0 = Debug|Any CPU
		{CD66E9D5-8894-425A-9B59-398452F73EC2}.Release|Any CPU.ActiveCfg = Release|Any CPU
		{CD66E9D5-8894-425A-9B59-398452F73EC2}.Release|Any CPU.Build.0 = Release|Any CPU
	EndGlobalSection
	GlobalSection(SolutionProperties) = preSolution
		HideSolutionNode = FALSE
	EndGlobalSection
	GlobalSection(ExtensibilityGlobals) = postSolution
		SolutionGuid = {9BA3CA9A-9440-4843-AF2E-C03CD12F1D06}
	EndGlobalSection
EndGlobal
